{
  "name": "esl_challenge",
  "version": "1.0.0",
  "lockfileVersion": 3,
  "requires": true,
  "packages": {
    "": {
      "name": "esl_challenge",
      "version": "1.0.0",
      "license": "ISC",
      "dependencies": {
        "geolib": "^3.3.4",
        "soda-js": "^0.2.3"
      }
    },
    "node_modules/async": {
      "version": "0.9.2",
      "resolved": "https://registry.npmjs.org/async/-/async-0.9.2.tgz",
      "integrity": "sha512-l6ToIJIotphWahxxHyzK9bnLR6kM4jJIIgLShZeqLY7iboHoGkdgFl7W2/Ivi4SkMJYGKqW8vSuk0uKUj6qsSw=="
    },
    "node_modules/combined-stream": {
      "version": "0.0.7",
      "resolved": "https://registry.npmjs.org/combined-stream/-/combined-stream-0.0.7.tgz",
      "integrity": "sha512-qfexlmLp9MyrkajQVyjEDb0Vj+KhRgR/rxLiVhaihlT+ZkX0lReqtH6Ack40CvMDERR4b5eFp3CreskpBs1Pig==",
      "dependencies": {
        "delayed-stream": "0.0.5"
      },
      "engines": {
        "node": ">= 0.8"
      }
    },
    "node_modules/component-emitter": {
      "version": "1.1.2",
      "resolved": "https://registry.npmjs.org/component-emitter/-/component-emitter-1.1.2.tgz",
      "integrity": "sha512-YhIbp3PJiznERfjlIkK0ue4obZxt2S60+0W8z24ZymOHT8sHloOqWOqZRU2eN5OlY8U08VFsP02letcu26FilA=="
    },
    "node_modules/cookiejar": {
      "version": "2.0.1",
      "resolved": "https://registry.npmjs.org/cookiejar/-/cookiejar-2.0.1.tgz",
      "integrity": "sha512-Txnl7P7okmx/FyZNRAjPyHMKISV2ADNbd+xITouEVyl2jUczrU4tJT40KcfQL/ifCo0kqqLgD49QlNofAAmBKQ=="
    },
    "node_modules/core-util-is": {
      "version": "1.0.3",
      "resolved": "https://registry.npmjs.org/core-util-is/-/core-util-is-1.0.3.tgz",
      "integrity": "sha512-ZQBvi1DcpJ4GDqanjucZ2Hj3wEO5pZDS89BWbkcrvdxksJorwUDDZamX9ldFkp9aw2lmBDLgkObEA4DWNJ9FYQ=="
    },
    "node_modules/debug": {
      "version": "2.6.9",
      "resolved": "https://registry.npmjs.org/debug/-/debug-2.6.9.tgz",
      "integrity": "sha512-bC7ElrdJaJnPbAP+1EotYvqZsb3ecl5wi6Bfi6BJTUcNowp6cvspg0jXznRTKDjm/E7AdgFBVeAPVMNcKGsHMA==",
      "dependencies": {
        "ms": "2.0.0"
      }
    },
    "node_modules/delayed-stream": {
      "version": "0.0.5",
      "resolved": "https://registry.npmjs.org/delayed-stream/-/delayed-stream-0.0.5.tgz",
      "integrity": "sha512-v+7uBd1pqe5YtgPacIIbZ8HuHeLFVNe4mUEyFDXL6KiqzEykjbw+5mXZXpGFgNVasdL4jWKgaKIXrEHiynN1LA==",
      "engines": {
        "node": ">=0.4.0"
      }
    },
    "node_modules/eventemitter2": {
      "version": "0.4.14",
      "resolved": "https://registry.npmjs.org/eventemitter2/-/eventemitter2-0.4.14.tgz",
      "integrity": "sha512-K7J4xq5xAD5jHsGM5ReWXRTFa3JRGofHiMcVgQ8PRwgWxzjHpMWCIzsmyf60+mh8KLsqYPcjUMa0AC4hd6lPyQ=="
    },
    "node_modules/extend": {
      "version": "1.2.1",
      "resolved": "https://registry.npmjs.org/extend/-/extend-1.2.1.tgz",
      "integrity": "sha512-2/JwIYRpMBDSjbQjUUppNSrmc719crhFaWIdT+TRSVA8gE+6HEobQWqJ6VkPt/H8twS7h/0WWs7veh8wmp98Ng=="
    },
    "node_modules/form-data": {
      "version": "0.1.3",
      "resolved": "https://registry.npmjs.org/form-data/-/form-data-0.1.3.tgz",
      "integrity": "sha512-khpfkwI/RQybQdwruvz89OCmcXiFZstZ88llcc552BrzvOhqIOHC6YCRJ44GLK7BRFBEMGH9zJ2zMy0nz27Y9w==",
      "dependencies": {
        "async": "~0.9.0",
        "combined-stream": "~0.0.4",
        "mime": "~1.2.11"
      },
      "engines": {
        "node": ">= 0.8"
      }
    },
    "node_modules/formidable": {
      "version": "1.0.14",
      "resolved": "https://registry.npmjs.org/formidable/-/formidable-1.0.14.tgz",
      "integrity": "sha512-aOskFHEfYwkSKSzGui5jhQ+uyLo2NTwpzhndggz2YZHlv0HkAi+zG5ZEBCL3GTvqLyr/FzX9Mvx9DueCmu2HzQ==",
      "deprecated": "Please upgrade to latest, formidable@v2 or formidable@v3! Check these notes: https://bit.ly/2ZEqIau",
      "engines": {
        "node": ">=0.8.0"
      }
    },
    "node_modules/geolib": {
      "version": "3.3.4",
      "resolved": "https://registry.npmjs.org/geolib/-/geolib-3.3.4.tgz",
      "integrity": "sha512-EicrlLLL3S42gE9/wde+11uiaYAaeSVDwCUIv2uMIoRBfNJCn8EsSI+6nS3r4TCKDO6+RQNM9ayLq2at+oZQWQ=="
    },
    "node_modules/inherits": {
      "version": "2.0.4",
      "resolved": "https://registry.npmjs.org/inherits/-/inherits-2.0.4.tgz",
      "integrity": "sha512-k/vGaX4/Yla3WzyMCvTQOXYeIHvqOKtnqBduzTHpzpQZzAskKMhZ2K+EnBiSM9zGSoIFeMpXKxa4dYeZIQqewQ=="
    },
    "node_modules/isarray": {
      "version": "0.0.1",
      "resolved": "https://registry.npmjs.org/isarray/-/isarray-0.0.1.tgz",
      "integrity": "sha512-D2S+3GLxWH+uhrNEcoh/fnmYeP8E8/zHl644d/jdA0g2uyXvy3sb0qxotE+ne0LtccHknQzWwZEzhak7oJ0COQ=="
    },
    "node_modules/methods": {
      "version": "1.0.1",
      "resolved": "https://registry.npmjs.org/methods/-/methods-1.0.1.tgz",
      "integrity": "sha512-2403MfnVypWSNIEpmQ26/ObZ5kSUx37E8NHRvriw0+I8Sne7k0HGuLGCk0OrCqURh4UIygD0cSsYq+Ll+kzNqA=="
    },
    "node_modules/mime": {
      "version": "1.2.11",
      "resolved": "https://registry.npmjs.org/mime/-/mime-1.2.11.tgz",
      "integrity": "sha512-Ysa2F/nqTNGHhhm9MV8ure4+Hc+Y8AWiqUdHxsO7xu8zc92ND9f3kpALHjaP026Ft17UfxrMt95c50PLUeynBw=="
    },
    "node_modules/ms": {
      "version": "2.0.0",
      "resolved": "https://registry.npmjs.org/ms/-/ms-2.0.0.tgz",
      "integrity": "sha512-Tpp60P6IUJDTuOq/5Z8cdskzJujfwqfOTkrwIwj7IRISpnkJnT6SyJ4PCPnGMoFjC9ddhal5KVIYtAt97ix05A=="
    },
    "node_modules/qs": {
      "version": "1.2.0",
      "resolved": "https://registry.npmjs.org/qs/-/qs-1.2.0.tgz",
      "integrity": "sha512-XUf0O7rlGjbH+n7uqyT+xn362fmoPe4ehtHL6VK1nbSgQ7CqG0ZZLr1nU2EyXlRq++YphPdQ/5scjIWNMSPnhg=="
    },
    "node_modules/readable-stream": {
      "version": "1.0.27-1",
      "resolved": "https://registry.npmjs.org/readable-stream/-/readable-stream-1.0.27-1.tgz",
      "integrity": "sha512-uQE31HGhpMrqZwtDjRliOs2aC3XBi+DdkhLs+Xa0dvVD5eDiZr3+k8rKVZcyTzxosgtMw7B/twQsK3P1KTZeVg==",
      "dependencies": {
        "core-util-is": "~1.0.0",
        "inherits": "~2.0.1",
        "isarray": "0.0.1",
        "string_decoder": "~0.10.x"
      }
    },
    "node_modules/reduce-component": {
      "version": "1.0.1",
      "resolved": "https://registry.npmjs.org/reduce-component/-/reduce-component-1.0.1.tgz",
      "integrity": "sha512-y0wyCcdQul3hI3xHfIs0vg/jSbboQc/YTOAqaxjFG7At+XSexduuOqBVL9SmOLSwa/ldkbzVzdwuk9s2EKTAZg=="
    },
    "node_modules/soda-js": {
      "version": "0.2.3",
      "resolved": "https://registry.npmjs.org/soda-js/-/soda-js-0.2.3.tgz",
      "integrity": "sha512-yWMcZrLaMUjd/k5iizCHE0eKaUXSV4qFm72r4RHj8MURBd9hrEjh5i9kbIJOIF6eyfRXu3mkoOb245edGCIiKQ==",
      "dependencies": {
        "eventemitter2": "~0.4.14",
        "superagent": "~0.21.0"
      }
    },
    "node_modules/string_decoder": {
      "version": "0.10.31",
      "resolved": "https://registry.npmjs.org/string_decoder/-/string_decoder-0.10.31.tgz",
      "integrity": "sha512-ev2QzSzWPYmy9GuqfIVildA4OdcGLeFZQrq5ys6RtiuF+RQQiZWr8TZNyAcuVXyQRYfEO+MsoB/1BuQVhOJuoQ=="
    },
    "node_modules/superagent": {
      "version": "0.21.0",
      "resolved": "https://registry.npmjs.org/superagent/-/superagent-0.21.0.tgz",
      "integrity": "sha512-bUmNwlVzM/CNKgLnXiTU/89jUR7SIuZTShJpCNY6wH0eOF/UBMhrQNy9qFW0QmGZJkeLE/LnMjd8CgD+Og4kBA==",
      "deprecated": "Please upgrade to v9.0.0+ as we have fixed a public vulnerability with formidable dependency. Note that v9.0.0+ requires Node.js v14.18.0+. See https://github.com/ladjs/superagent/pull/1800 for insight. This project is supported and maintained by the team at Forward Email @ https://forwardemail.net",
      "dependencies": {
        "component-emitter": "1.1.2",
        "cookiejar": "2.0.1",
        "debug": "2",
        "extend": "~1.2.1",
        "form-data": "0.1.3",
        "formidable": "1.0.14",
        "methods": "1.0.1",
        "mime": "1.2.11",
        "qs": "1.2.0",
        "readable-stream": "1.0.27-1",
        "reduce-component": "1.0.1"
      },
      "engines": {
        "node": ">= 0.8"
      }
    }
  }
}
